
Microsoft Visual Studio Solution File, Format Version 12.00
# Visual Studio Version 17
VisualStudioVersion = 17.8.34330.188
MinimumVisualStudioVersion = 10.0.40219.1
Project("{9A19103F-16F7-4668-BE54-9A1E7A4F7556}") = "CompanyEmployees", "CompanyEmployees\CompanyEmployees.csproj", "{5486B1CA-F90F-4A56-994E-8EA1807D8A80}"
EndProject
Project("{9A19103F-16F7-4668-BE54-9A1E7A4F7556}") = "Contracts", "Contracts\Contracts.csproj", "{A0DACCEF-1B08-4BBC-A5CD-626EFC282749}"
EndProject
Project("{9A19103F-16F7-4668-BE54-9A1E7A4F7556}") = "LoggerService", "LoggerService\LoggerService.csproj", "{3EE5430C-E6BE-419A-8065-11911731CB17}"
EndProject
Project("{9A19103F-16F7-4668-BE54-9A1E7A4F7556}") = "Entities", "Entities\Entities.csproj", "{21670F8A-3641-45DB-8DA3-58399881010D}"
EndProject
Project("{FAE04EC0-301F-11D3-BF4B-00C04F79EFBC}") = "Repository", "Repository\Repository.csproj", "{6FD58F92-8A46-48F3-982B-41C834802513}"
EndProject
Global
	GlobalSection(SolutionConfigurationPlatforms) = preSolution
		Debug|Any CPU = Debug|Any CPU
		Release|Any CPU = Release|Any CPU
	EndGlobalSection
	GlobalSection(ProjectConfigurationPlatforms) = postSolution
		{5486B1CA-F90F-4A56-994E-8EA1807D8A80}.Debug|Any CPU.ActiveCfg = Debug|Any CPU
		{5486B1CA-F90F-4A56-994E-8EA1807D8A80}.Debug|Any CPU.Build.0 = Debug|Any CPU
		{5486B1CA-F90F-4A56-994E-8EA1807D8A80}.Release|Any CPU.ActiveCfg = Release|Any CPU
		{5486B1CA-F90F-4A56-994E-8EA1807D8A80}.Release|Any CPU.Build.0 = Release|Any CPU
		{A0DACCEF-1B08-4BBC-A5CD-626EFC282749}.Debug|Any CPU.ActiveCfg = Debug|Any CPU
		{A0DACCEF-1B08-4BBC-A5CD-626EFC282749}.Debug|Any CPU.Build.0 = Debug|Any CPU
		{A0DACCEF-1B08-4BBC-A5CD-626EFC282749}.Release|Any CPU.ActiveCfg = Release|Any CPU
		{A0DACCEF-1B08-4BBC-A5CD-626EFC282749}.Release|Any CPU.Build.0 = Release|Any CPU
		{3EE5430C-E6BE-419A-8065-11911731CB17}.Debug|Any CPU.ActiveCfg = Debug|Any CPU
		{3EE5430C-E6BE-419A-8065-11911731CB17}.Debug|Any CPU.Build.0 = Debug|Any CPU
		{3EE5430C-E6BE-419A-8065-11911731CB17}.Release|Any CPU.ActiveCfg = Release|Any CPU
		{3EE5430C-E6BE-419A-8065-11911731CB17}.Release|Any CPU.Build.0 = Release|Any CPU
		{21670F8A-3641-45DB-8DA3-58399881010D}.Debug|Any CPU.ActiveCfg = Debug|Any CPU
		{21670F8A-3641-45DB-8DA3-58399881010D}.Debug|Any CPU.Build.0 = Debug|Any CPU
		{21670F8A-3641-45DB-8DA3-58399881010D}.Release|Any CPU.ActiveCfg = Release|Any CPU
		{21670F8A-3641-45DB-8DA3-58399881010D}.Release|Any CPU.Build.0 = Release|Any CPU
		{6FD58F92-8A46-48F3-982B-41C834802513}.Debug|Any CPU.ActiveCfg = Debug|Any CPU
		{6FD58F92-8A46-48F3-982B-41C834802513}.Debug|Any CPU.Build.0 = Debug|Any CPU
		{6FD58F92-8A46-48F3-982B-41C834802513}.Release|Any CPU.ActiveCfg = Release|Any CPU
		{6FD58F92-8A46-48F3-982B-41C834802513}.Release|Any CPU.Build.0 = Release|Any CPU
	EndGlobalSection
	GlobalSection(SolutionProperties) = preSolution
		HideSolutionNode = FALSE
	EndGlobalSection
	GlobalSection(ExtensibilityGlobals) = postSolution
		SolutionGuid = {D03F75B3-14A5-48BB-8CF6-0F156D4AE18E}
	EndGlobalSection
EndGlobal
